
Microsoft Visual Studio Solution File, Format Version 12.00
Project("{2150E333-8FDC-42A3-9474-1A3956D46DE8}") = "Core", "Core", "{80F94CC0-BEC9-4905-8789-6EEEF7FFE553}"
EndProject
Project("{2150E333-8FDC-42A3-9474-1A3956D46DE8}") = "Commands", "Commands", "{73A5F193-593F-478C-AB08-24908E4E4B50}"
EndProject
Project("{FAE04EC0-301F-11D3-BF4B-00C04F79EFBC}") = "Botted.Core.Commands.Abstractions", "src\Core\Botted.Core.Commands.Abstractions\Botted.Core.Commands.Abstractions.csproj", "{CA2E8301-AA00-4669-B4F0-B65DFBC4125C}"
EndProject
Project("{FAE04EC0-301F-11D3-BF4B-00C04F79EFBC}") = "Botted.Core.Commands", "src\Core\Botted.Core.Commands\Botted.Core.Commands.csproj", "{028D7D78-F30C-48C7-9902-157C8C2282FF}"
EndProject
Project("{2150E333-8FDC-42A3-9474-1A3956D46DE8}") = "Events", "Events", "{DEC85730-6D0B-4693-9CD9-FEAE37D4D7C9}"
EndProject
Project("{FAE04EC0-301F-11D3-BF4B-00C04F79EFBC}") = "Botted.Core.Events", "src\Core\Botted.Core.Events\Botted.Core.Events.csproj", "{2F2EE6CE-8C0A-4094-98C0-7999E05E4D00}"
EndProject
Project("{FAE04EC0-301F-11D3-BF4B-00C04F79EFBC}") = "Botted.Core.Events.Abstractions", "src\Core\Botted.Core.Events.Abstractions\Botted.Core.Events.Abstractions.csproj", "{AFE0F649-981F-4234-941E-0E0AFFB9EF8E}"
EndProject
Project("{2150E333-8FDC-42A3-9474-1A3956D46DE8}") = "Users", "Users", "{5A8262DC-ED44-4847-B559-7642A50FB0ED}"
EndProject
Project("{2150E333-8FDC-42A3-9474-1A3956D46DE8}") = "Parsing", "Parsing", "{D58DE500-0587-4826-950D-77F58E4F99D3}"
EndProject
Project("{FAE04EC0-301F-11D3-BF4B-00C04F79EFBC}") = "Botted.Core.Parsing.Converters", "src\Core\Botted.Core.Parsing.Converters\Botted.Core.Parsing.Converters.csproj", "{0481E12E-E2D4-4C4A-92A8-2AF7D14A48B9}"
EndProject
Project("{FAE04EC0-301F-11D3-BF4B-00C04F79EFBC}") = "Botted.Core.Database.Abstractions", "src\Core\Botted.Core.Database.Abstractions\Botted.Core.Database.Abstractions.csproj", "{1C5F7E97-4581-491B-AD79-4622631C1390}"
EndProject
Project("{2150E333-8FDC-42A3-9474-1A3956D46DE8}") = "Database", "Database", "{B84DF0AE-6B71-4391-BB43-F7CA0D35F159}"
EndProject
Project("{FAE04EC0-301F-11D3-BF4B-00C04F79EFBC}") = "Botted.Core.Users.Abstractions", "src\Core\Botted.Core.Users.Abstractions\Botted.Core.Users.Abstractions.csproj", "{7409F5A6-F19C-4C89-A42D-2636EC6F520D}"
EndProject
Project("{FAE04EC0-301F-11D3-BF4B-00C04F79EFBC}") = "Botted.Core.Users", "src\Core\Botted.Core.Users\Botted.Core.Users.csproj", "{462F8F40-480E-419D-834C-958460F08EA1}"
EndProject
Project("{2150E333-8FDC-42A3-9474-1A3956D46DE8}") = "Tests", "Tests", "{9EB6F40F-DDF4-4CED-870B-4FF007D4BBCF}"
EndProject
Project("{FAE04EC0-301F-11D3-BF4B-00C04F79EFBC}") = "Botted.Tests.CoreTests", "tests\Botted.Tests.CoreTests\Botted.Tests.CoreTests.csproj", "{F809088C-769D-4D9D-8D23-9115826881FE}"
EndProject
Project("{2150E333-8FDC-42A3-9474-1A3956D46DE8}") = "Plugins", "Plugins", "{9AEACED8-9063-48FB-B35D-39C3F7277EB6}"
EndProject
Project("{2150E333-8FDC-42A3-9474-1A3956D46DE8}") = "Hosts", "Hosts", "{C89DD575-256F-4276-B49F-DF1DC6336E98}"
EndProject
Project("{FAE04EC0-301F-11D3-BF4B-00C04F79EFBC}") = "Botted.Hosts.Console", "src\Hosts\Botted.Hosts.Console\Botted.Hosts.Console.csproj", "{0B6008D7-BBA0-4CED-B75A-C00475FB9579}"
EndProject
Project("{FAE04EC0-301F-11D3-BF4B-00C04F79EFBC}") = "Botted.Core", "src\Core\Botted.Core\Botted.Core.csproj", "{0A586191-DC2F-430F-A8EB-7F8B784387CF}"
EndProject
Project("{FAE04EC0-301F-11D3-BF4B-00C04F79EFBC}") = "Botted.Core.Abstractions", "src\Core\Botted.Core.Abstractions\Botted.Core.Abstractions.csproj", "{C7537317-1280-4467-A60C-EDA8C63B1565}"
EndProject
Project("{FAE04EC0-301F-11D3-BF4B-00C04F79EFBC}") = "Botted.Plugins.ExamplePlugin", "src\Plugins\Botted.Plugins.ExamplePlugin\Botted.Plugins.ExamplePlugin.csproj", "{59FF6042-51F5-4D69-912C-498761FC5689}"
EndProject
Project("{FAE04EC0-301F-11D3-BF4B-00C04F79EFBC}") = "Botted.Plugins.Providers.Telegram", "src\Plugins\Botted.Plugins.Providers.Telegram\Botted.Plugins.Providers.Telegram.csproj", "{30C8F807-696F-4282-8513-9D0618055467}"
EndProject
Project("{FAE04EC0-301F-11D3-BF4B-00C04F79EFBC}") = "Botted.Plugins.Providers.Vk", "src\Plugins\Botted.Plugins.Providers.Vk\Botted.Plugins.Providers.Vk.csproj", "{FD4BE5CC-BDD4-411A-9156-DCF056C71827}"
EndProject
Project("{FAE04EC0-301F-11D3-BF4B-00C04F79EFBC}") = "Botted.Core.Plugins", "src\Core\Botted.Core.Plugins\Botted.Core.Plugins.csproj", "{9494C23E-3391-4412-AE7D-6833DBD36144}"
EndProject
Project("{2150E333-8FDC-42A3-9474-1A3956D46DE8}") = "Plugins", "Plugins", "{CBF51242-F596-4E3E-85E8-38E0DB5B54A8}"
EndProject
Project("{FAE04EC0-301F-11D3-BF4B-00C04F79EFBC}") = "Botted.Core.Messaging", "src\Core\Botted.Core.Messaging\Botted.Core.Messaging.csproj", "{CD022AF0-892C-42FD-A353-B811AEC213B2}"
EndProject
Project("{2150E333-8FDC-42A3-9474-1A3956D46DE8}") = "Messaging", "Messaging", "{6A8DA6B1-65D2-41DE-A52E-193EF809DBDB}"
EndProject
Global
	GlobalSection(SolutionConfigurationPlatforms) = preSolution
		Debug|Any CPU = Debug|Any CPU
		Release|Any CPU = Release|Any CPU
	EndGlobalSection
	GlobalSection(ProjectConfigurationPlatforms) = postSolution
		{CA2E8301-AA00-4669-B4F0-B65DFBC4125C}.Debug|Any CPU.ActiveCfg = Debug|Any CPU
		{CA2E8301-AA00-4669-B4F0-B65DFBC4125C}.Debug|Any CPU.Build.0 = Debug|Any CPU
		{CA2E8301-AA00-4669-B4F0-B65DFBC4125C}.Release|Any CPU.ActiveCfg = Release|Any CPU
		{CA2E8301-AA00-4669-B4F0-B65DFBC4125C}.Release|Any CPU.Build.0 = Release|Any CPU
		{028D7D78-F30C-48C7-9902-157C8C2282FF}.Debug|Any CPU.ActiveCfg = Debug|Any CPU
		{028D7D78-F30C-48C7-9902-157C8C2282FF}.Debug|Any CPU.Build.0 = Debug|Any CPU
		{028D7D78-F30C-48C7-9902-157C8C2282FF}.Release|Any CPU.ActiveCfg = Release|Any CPU
		{028D7D78-F30C-48C7-9902-157C8C2282FF}.Release|Any CPU.Build.0 = Release|Any CPU
		{2F2EE6CE-8C0A-4094-98C0-7999E05E4D00}.Debug|Any CPU.ActiveCfg = Debug|Any CPU
		{2F2EE6CE-8C0A-4094-98C0-7999E05E4D00}.Debug|Any CPU.Build.0 = Debug|Any CPU
		{2F2EE6CE-8C0A-4094-98C0-7999E05E4D00}.Release|Any CPU.ActiveCfg = Release|Any CPU
		{2F2EE6CE-8C0A-4094-98C0-7999E05E4D00}.Release|Any CPU.Build.0 = Release|Any CPU
		{AFE0F649-981F-4234-941E-0E0AFFB9EF8E}.Debug|Any CPU.ActiveCfg = Debug|Any CPU
		{AFE0F649-981F-4234-941E-0E0AFFB9EF8E}.Debug|Any CPU.Build.0 = Debug|Any CPU
		{AFE0F649-981F-4234-941E-0E0AFFB9EF8E}.Release|Any CPU.ActiveCfg = Release|Any CPU
		{AFE0F649-981F-4234-941E-0E0AFFB9EF8E}.Release|Any CPU.Build.0 = Release|Any CPU
		{0481E12E-E2D4-4C4A-92A8-2AF7D14A48B9}.Debug|Any CPU.ActiveCfg = Debug|Any CPU
		{0481E12E-E2D4-4C4A-92A8-2AF7D14A48B9}.Debug|Any CPU.Build.0 = Debug|Any CPU
		{0481E12E-E2D4-4C4A-92A8-2AF7D14A48B9}.Release|Any CPU.ActiveCfg = Release|Any CPU
		{0481E12E-E2D4-4C4A-92A8-2AF7D14A48B9}.Release|Any CPU.Build.0 = Release|Any CPU
		{1C5F7E97-4581-491B-AD79-4622631C1390}.Debug|Any CPU.ActiveCfg = Debug|Any CPU
		{1C5F7E97-4581-491B-AD79-4622631C1390}.Debug|Any CPU.Build.0 = Debug|Any CPU
		{1C5F7E97-4581-491B-AD79-4622631C1390}.Release|Any CPU.ActiveCfg = Release|Any CPU
		{1C5F7E97-4581-491B-AD79-4622631C1390}.Release|Any CPU.Build.0 = Release|Any CPU
		{7409F5A6-F19C-4C89-A42D-2636EC6F520D}.Debug|Any CPU.ActiveCfg = Debug|Any CPU
		{7409F5A6-F19C-4C89-A42D-2636EC6F520D}.Debug|Any CPU.Build.0 = Debug|Any CPU
		{7409F5A6-F19C-4C89-A42D-2636EC6F520D}.Release|Any CPU.ActiveCfg = Release|Any CPU
		{7409F5A6-F19C-4C89-A42D-2636EC6F520D}.Release|Any CPU.Build.0 = Release|Any CPU
		{462F8F40-480E-419D-834C-958460F08EA1}.Debug|Any CPU.ActiveCfg = Debug|Any CPU
		{462F8F40-480E-419D-834C-958460F08EA1}.Debug|Any CPU.Build.0 = Debug|Any CPU
		{462F8F40-480E-419D-834C-958460F08EA1}.Release|Any CPU.ActiveCfg = Release|Any CPU
		{462F8F40-480E-419D-834C-958460F08EA1}.Release|Any CPU.Build.0 = Release|Any CPU
		{F809088C-769D-4D9D-8D23-9115826881FE}.Debug|Any CPU.ActiveCfg = Debug|Any CPU
		{F809088C-769D-4D9D-8D23-9115826881FE}.Debug|Any CPU.Build.0 = Debug|Any CPU
		{F809088C-769D-4D9D-8D23-9115826881FE}.Release|Any CPU.ActiveCfg = Release|Any CPU
		{F809088C-769D-4D9D-8D23-9115826881FE}.Release|Any CPU.Build.0 = Release|Any CPU
		{0B6008D7-BBA0-4CED-B75A-C00475FB9579}.Debug|Any CPU.ActiveCfg = Debug|Any CPU
		{0B6008D7-BBA0-4CED-B75A-C00475FB9579}.Debug|Any CPU.Build.0 = Debug|Any CPU
		{0B6008D7-BBA0-4CED-B75A-C00475FB9579}.Release|Any CPU.ActiveCfg = Release|Any CPU
		{0B6008D7-BBA0-4CED-B75A-C00475FB9579}.Release|Any CPU.Build.0 = Release|Any CPU
		{0A586191-DC2F-430F-A8EB-7F8B784387CF}.Debug|Any CPU.ActiveCfg = Debug|Any CPU
		{0A586191-DC2F-430F-A8EB-7F8B784387CF}.Debug|Any CPU.Build.0 = Debug|Any CPU
		{0A586191-DC2F-430F-A8EB-7F8B784387CF}.Release|Any CPU.ActiveCfg = Release|Any CPU
		{0A586191-DC2F-430F-A8EB-7F8B784387CF}.Release|Any CPU.Build.0 = Release|Any CPU
		{C7537317-1280-4467-A60C-EDA8C63B1565}.Debug|Any CPU.ActiveCfg = Debug|Any CPU
		{C7537317-1280-4467-A60C-EDA8C63B1565}.Debug|Any CPU.Build.0 = Debug|Any CPU
		{C7537317-1280-4467-A60C-EDA8C63B1565}.Release|Any CPU.ActiveCfg = Release|Any CPU
		{C7537317-1280-4467-A60C-EDA8C63B1565}.Release|Any CPU.Build.0 = Release|Any CPU
		{59FF6042-51F5-4D69-912C-498761FC5689}.Debug|Any CPU.ActiveCfg = Debug|Any CPU
		{59FF6042-51F5-4D69-912C-498761FC5689}.Debug|Any CPU.Build.0 = Debug|Any CPU
		{59FF6042-51F5-4D69-912C-498761FC5689}.Release|Any CPU.ActiveCfg = Release|Any CPU
		{59FF6042-51F5-4D69-912C-498761FC5689}.Release|Any CPU.Build.0 = Release|Any CPU
		{30C8F807-696F-4282-8513-9D0618055467}.Debug|Any CPU.ActiveCfg = Debug|Any CPU
		{30C8F807-696F-4282-8513-9D0618055467}.Debug|Any CPU.Build.0 = Debug|Any CPU
		{30C8F807-696F-4282-8513-9D0618055467}.Release|Any CPU.ActiveCfg = Release|Any CPU
		{30C8F807-696F-4282-8513-9D0618055467}.Release|Any CPU.Build.0 = Release|Any CPU
		{FD4BE5CC-BDD4-411A-9156-DCF056C71827}.Debug|Any CPU.ActiveCfg = Debug|Any CPU
		{FD4BE5CC-BDD4-411A-9156-DCF056C71827}.Debug|Any CPU.Build.0 = Debug|Any CPU
		{FD4BE5CC-BDD4-411A-9156-DCF056C71827}.Release|Any CPU.ActiveCfg = Release|Any CPU
		{FD4BE5CC-BDD4-411A-9156-DCF056C71827}.Release|Any CPU.Build.0 = Release|Any CPU
		{9494C23E-3391-4412-AE7D-6833DBD36144}.Debug|Any CPU.ActiveCfg = Debug|Any CPU
		{9494C23E-3391-4412-AE7D-6833DBD36144}.Debug|Any CPU.Build.0 = Debug|Any CPU
		{9494C23E-3391-4412-AE7D-6833DBD36144}.Release|Any CPU.ActiveCfg = Release|Any CPU
		{9494C23E-3391-4412-AE7D-6833DBD36144}.Release|Any CPU.Build.0 = Release|Any CPU
		{CD022AF0-892C-42FD-A353-B811AEC213B2}.Debug|Any CPU.ActiveCfg = Debug|Any CPU
		{CD022AF0-892C-42FD-A353-B811AEC213B2}.Debug|Any CPU.Build.0 = Debug|Any CPU
		{CD022AF0-892C-42FD-A353-B811AEC213B2}.Release|Any CPU.ActiveCfg = Release|Any CPU
		{CD022AF0-892C-42FD-A353-B811AEC213B2}.Release|Any CPU.Build.0 = Release|Any CPU
	EndGlobalSection
	GlobalSection(NestedProjects) = preSolution
		{73A5F193-593F-478C-AB08-24908E4E4B50} = {80F94CC0-BEC9-4905-8789-6EEEF7FFE553}
		{CA2E8301-AA00-4669-B4F0-B65DFBC4125C} = {73A5F193-593F-478C-AB08-24908E4E4B50}
		{028D7D78-F30C-48C7-9902-157C8C2282FF} = {73A5F193-593F-478C-AB08-24908E4E4B50}
		{DEC85730-6D0B-4693-9CD9-FEAE37D4D7C9} = {80F94CC0-BEC9-4905-8789-6EEEF7FFE553}
		{2F2EE6CE-8C0A-4094-98C0-7999E05E4D00} = {DEC85730-6D0B-4693-9CD9-FEAE37D4D7C9}
		{AFE0F649-981F-4234-941E-0E0AFFB9EF8E} = {DEC85730-6D0B-4693-9CD9-FEAE37D4D7C9}
		{5A8262DC-ED44-4847-B559-7642A50FB0ED} = {80F94CC0-BEC9-4905-8789-6EEEF7FFE553}
		{D58DE500-0587-4826-950D-77F58E4F99D3} = {80F94CC0-BEC9-4905-8789-6EEEF7FFE553}
		{0481E12E-E2D4-4C4A-92A8-2AF7D14A48B9} = {D58DE500-0587-4826-950D-77F58E4F99D3}
		{B84DF0AE-6B71-4391-BB43-F7CA0D35F159} = {80F94CC0-BEC9-4905-8789-6EEEF7FFE553}
		{1C5F7E97-4581-491B-AD79-4622631C1390} = {B84DF0AE-6B71-4391-BB43-F7CA0D35F159}
		{7409F5A6-F19C-4C89-A42D-2636EC6F520D} = {5A8262DC-ED44-4847-B559-7642A50FB0ED}
		{462F8F40-480E-419D-834C-958460F08EA1} = {5A8262DC-ED44-4847-B559-7642A50FB0ED}
		{F809088C-769D-4D9D-8D23-9115826881FE} = {9EB6F40F-DDF4-4CED-870B-4FF007D4BBCF}
		{0B6008D7-BBA0-4CED-B75A-C00475FB9579} = {C89DD575-256F-4276-B49F-DF1DC6336E98}
		{0A586191-DC2F-430F-A8EB-7F8B784387CF} = {80F94CC0-BEC9-4905-8789-6EEEF7FFE553}
		{C7537317-1280-4467-A60C-EDA8C63B1565} = {80F94CC0-BEC9-4905-8789-6EEEF7FFE553}
		{59FF6042-51F5-4D69-912C-498761FC5689} = {9AEACED8-9063-48FB-B35D-39C3F7277EB6}
		{30C8F807-696F-4282-8513-9D0618055467} = {9AEACED8-9063-48FB-B35D-39C3F7277EB6}
		{FD4BE5CC-BDD4-411A-9156-DCF056C71827} = {9AEACED8-9063-48FB-B35D-39C3F7277EB6}
		{CBF51242-F596-4E3E-85E8-38E0DB5B54A8} = {80F94CC0-BEC9-4905-8789-6EEEF7FFE553}
		{9494C23E-3391-4412-AE7D-6833DBD36144} = {CBF51242-F596-4E3E-85E8-38E0DB5B54A8}
		{6A8DA6B1-65D2-41DE-A52E-193EF809DBDB} = {80F94CC0-BEC9-4905-8789-6EEEF7FFE553}
		{CD022AF0-892C-42FD-A353-B811AEC213B2} = {6A8DA6B1-65D2-41DE-A52E-193EF809DBDB}
	EndGlobalSection
EndGlobal
