
Microsoft Visual Studio Solution File, Format Version 12.00
Project("{FAE04EC0-301F-11D3-BF4B-00C04F79EFBC}") = "Booted.Core", "src\Booted.Core\Booted.Core.csproj", "{32EFECED-6ABE-4DCF-A8D7-84BFA72C4751}"
EndProject
Project("{FAE04EC0-301F-11D3-BF4B-00C04F79EFBC}") = "Botted.Executable.Console", "src\Botted.Executable.Console\Botted.Executable.Console.csproj", "{E0958891-B408-4C1E-A527-D8B79190C701}"
EndProject
Project("{FAE04EC0-301F-11D3-BF4B-00C04F79EFBC}") = "Botted.Providers.Console", "src\Botted.Providers.Console\Botted.Providers.Console.csproj", "{683D8091-A73B-4463-8B93-4F6F7EF5D379}"
EndProject
Project("{FAE04EC0-301F-11D3-BF4B-00C04F79EFBC}") = "Botted.Core.Abstractions", "src\Botted.Core.Abstractions\Botted.Core.Abstractions.csproj", "{E849794B-2445-404B-BB89-349570C15A8E}"
EndProject
Project("{2150E333-8FDC-42A3-9474-1A3956D46DE8}") = "Core", "Core", "{80F94CC0-BEC9-4905-8789-6EEEF7FFE553}"
EndProject
Project("{2150E333-8FDC-42A3-9474-1A3956D46DE8}") = "Plugins", "Plugins", "{C54E908D-B187-42D8-9B91-2F9D239B4000}"
EndProject
Project("{2150E333-8FDC-42A3-9474-1A3956D46DE8}") = "Executables", "Executables", "{BC44C227-9B94-4054-9F94-924B01A1460A}"
EndProject
Project("{2150E333-8FDC-42A3-9474-1A3956D46DE8}") = "Tests", "Tests", "{580504EC-B96D-43DA-807E-BB340A967A9E}"
EndProject
Global
	GlobalSection(SolutionConfigurationPlatforms) = preSolution
		Debug|Any CPU = Debug|Any CPU
		Release|Any CPU = Release|Any CPU
	EndGlobalSection
	GlobalSection(ProjectConfigurationPlatforms) = postSolution
		{32EFECED-6ABE-4DCF-A8D7-84BFA72C4751}.Debug|Any CPU.ActiveCfg = Debug|Any CPU
		{32EFECED-6ABE-4DCF-A8D7-84BFA72C4751}.Debug|Any CPU.Build.0 = Debug|Any CPU
		{32EFECED-6ABE-4DCF-A8D7-84BFA72C4751}.Release|Any CPU.ActiveCfg = Release|Any CPU
		{32EFECED-6ABE-4DCF-A8D7-84BFA72C4751}.Release|Any CPU.Build.0 = Release|Any CPU
		{E0958891-B408-4C1E-A527-D8B79190C701}.Debug|Any CPU.ActiveCfg = Debug|Any CPU
		{E0958891-B408-4C1E-A527-D8B79190C701}.Debug|Any CPU.Build.0 = Debug|Any CPU
		{E0958891-B408-4C1E-A527-D8B79190C701}.Release|Any CPU.ActiveCfg = Release|Any CPU
		{E0958891-B408-4C1E-A527-D8B79190C701}.Release|Any CPU.Build.0 = Release|Any CPU
		{683D8091-A73B-4463-8B93-4F6F7EF5D379}.Debug|Any CPU.ActiveCfg = Debug|Any CPU
		{683D8091-A73B-4463-8B93-4F6F7EF5D379}.Debug|Any CPU.Build.0 = Debug|Any CPU
		{683D8091-A73B-4463-8B93-4F6F7EF5D379}.Release|Any CPU.ActiveCfg = Release|Any CPU
		{683D8091-A73B-4463-8B93-4F6F7EF5D379}.Release|Any CPU.Build.0 = Release|Any CPU
		{E849794B-2445-404B-BB89-349570C15A8E}.Debug|Any CPU.ActiveCfg = Debug|Any CPU
		{E849794B-2445-404B-BB89-349570C15A8E}.Debug|Any CPU.Build.0 = Debug|Any CPU
		{E849794B-2445-404B-BB89-349570C15A8E}.Release|Any CPU.ActiveCfg = Release|Any CPU
		{E849794B-2445-404B-BB89-349570C15A8E}.Release|Any CPU.Build.0 = Release|Any CPU
	EndGlobalSection
	GlobalSection(NestedProjects) = preSolution
		{E849794B-2445-404B-BB89-349570C15A8E} = {80F94CC0-BEC9-4905-8789-6EEEF7FFE553}
		{32EFECED-6ABE-4DCF-A8D7-84BFA72C4751} = {80F94CC0-BEC9-4905-8789-6EEEF7FFE553}
		{683D8091-A73B-4463-8B93-4F6F7EF5D379} = {C54E908D-B187-42D8-9B91-2F9D239B4000}
		{E0958891-B408-4C1E-A527-D8B79190C701} = {BC44C227-9B94-4054-9F94-924B01A1460A}
	EndGlobalSection
EndGlobal
